
Microsoft Visual Studio Solution File, Format Version 12.00
# Visual Studio Version 17
VisualStudioVersion = 17.6.33801.468
MinimumVisualStudioVersion = 10.0.40219.1
Project("{FAE04EC0-301F-11D3-BF4B-00C04F79EFBC}") = "2364_PhamAnhQuyet_DOANCANHAN", "2364_PhamAnhQuyet_DOANCANHAN\2364_PhamAnhQuyet_DOANCANHAN.csproj", "{CAA90B2A-E1B0-4918-B009-A359551A3013}"
EndProject
Global
	GlobalSection(SolutionConfigurationPlatforms) = preSolution
		Debug|Any CPU = Debug|Any CPU
		Release|Any CPU = Release|Any CPU
	EndGlobalSection
	GlobalSection(ProjectConfigurationPlatforms) = postSolution
		{CAA90B2A-E1B0-4918-B009-A359551A3013}.Debug|Any CPU.ActiveCfg = Debug|Any CPU
		{CAA90B2A-E1B0-4918-B009-A359551A3013}.Debug|Any CPU.Build.0 = Debug|Any CPU
		{CAA90B2A-E1B0-4918-B009-A359551A3013}.Release|Any CPU.ActiveCfg = Release|Any CPU
		{CAA90B2A-E1B0-4918-B009-A359551A3013}.Release|Any CPU.Build.0 = Release|Any CPU
	EndGlobalSection
	GlobalSection(SolutionProperties) = preSolution
		HideSolutionNode = FALSE
	EndGlobalSection
	GlobalSection(ExtensibilityGlobals) = postSolution
		SolutionGuid = {A03C7BDC-218F-4901-9239-AE6D8B20FD75}
	EndGlobalSection
EndGlobal
